
Microsoft Visual Studio Solution File, Format Version 12.00
# Visual Studio Version 17
VisualStudioVersion = 17.8.34511.84
MinimumVisualStudioVersion = 10.0.40219.1
Project("{9A19103F-16F7-4668-BE54-9A1E7A4F7556}") = "PieShop", "PieShop.csproj", "{FDA25416-5844-4D57-9021-9C7AB2BFD95A}"
EndProject
Project("{9A19103F-16F7-4668-BE54-9A1E7A4F7556}") = "PieShopTests", "..\PieShopTests\PieShopTests.csproj", "{394AE2BE-4DBC-4555-A954-CF7237E8EB4D}"
EndProject
Global
	GlobalSection(SolutionConfigurationPlatforms) = preSolution
		Debug|Any CPU = Debug|Any CPU
		Release|Any CPU = Release|Any CPU
	EndGlobalSection
	GlobalSection(ProjectConfigurationPlatforms) = postSolution
		{FDA25416-5844-4D57-9021-9C7AB2BFD95A}.Debug|Any CPU.ActiveCfg = Debug|Any CPU
		{FDA25416-5844-4D57-9021-9C7AB2BFD95A}.Debug|Any CPU.Build.0 = Debug|Any CPU
		{FDA25416-5844-4D57-9021-9C7AB2BFD95A}.Release|Any CPU.ActiveCfg = Release|Any CPU
		{FDA25416-5844-4D57-9021-9C7AB2BFD95A}.Release|Any CPU.Build.0 = Release|Any CPU
		{394AE2BE-4DBC-4555-A954-CF7237E8EB4D}.Debug|Any CPU.ActiveCfg = Debug|Any CPU
		{394AE2BE-4DBC-4555-A954-CF7237E8EB4D}.Debug|Any CPU.Build.0 = Debug|Any CPU
		{394AE2BE-4DBC-4555-A954-CF7237E8EB4D}.Release|Any CPU.ActiveCfg = Release|Any CPU
		{394AE2BE-4DBC-4555-A954-CF7237E8EB4D}.Release|Any CPU.Build.0 = Release|Any CPU
	EndGlobalSection
	GlobalSection(SolutionProperties) = preSolution
		HideSolutionNode = FALSE
	EndGlobalSection
	GlobalSection(ExtensibilityGlobals) = postSolution
		SolutionGuid = {ED817CD7-DC7F-4B6A-A7FF-3F25C4C0E470}
	EndGlobalSection
EndGlobal
